
Microsoft Visual Studio Solution File, Format Version 12.00
# Visual Studio Version 16
VisualStudioVersion = 16.0.31019.35
MinimumVisualStudioVersion = 10.0.40219.1
Project("{FAE04EC0-301F-11D3-BF4B-00C04F79EFBC}") = "FileDateFix", "NFileTool\FileDateFix.csproj", "{6248C1B7-DC40-45F3-A7D5-2F9874F61876}"
EndProject
Global
	GlobalSection(SolutionConfigurationPlatforms) = preSolution
		Debug|Any CPU = Debug|Any CPU
		Release|Any CPU = Release|Any CPU
	EndGlobalSection
	GlobalSection(ProjectConfigurationPlatforms) = postSolution
		{6248C1B7-DC40-45F3-A7D5-2F9874F61876}.Debug|Any CPU.ActiveCfg = Debug|Any CPU
		{6248C1B7-DC40-45F3-A7D5-2F9874F61876}.Debug|Any CPU.Build.0 = Debug|Any CPU
		{6248C1B7-DC40-45F3-A7D5-2F9874F61876}.Release|Any CPU.ActiveCfg = Release|Any CPU
		{6248C1B7-DC40-45F3-A7D5-2F9874F61876}.Release|Any CPU.Build.0 = Release|Any CPU
	EndGlobalSection
	GlobalSection(SolutionProperties) = preSolution
		HideSolutionNode = FALSE
	EndGlobalSection
	GlobalSection(ExtensibilityGlobals) = postSolution
		SolutionGuid = {E58C6DAB-CC69-4238-AC9F-EE524491F4DE}
	EndGlobalSection
EndGlobal
